// !$*UTF8*$!
{
	archiveVersion = 1;
	classes = {
	};
	objectVersion = 48;
	objects = {

/* Begin PBXBuildFile section */
		00DC5ED7035688372DF316AD /* Pods_RoomiesUITests.framework in Frameworks */ = {isa = PBXBuildFile; fileRef = E2B3BEA9C2040739FC491778 /* Pods_RoomiesUITests.framework */; };
		248C185E2055D1A400F4542A /* TaskViewController.swift in Sources */ = {isa = PBXBuildFile; fileRef = 248C185D2055D1A400F4542A /* TaskViewController.swift */; };
		2493D0D72048EC7A00222E61 /* AppDelegate.swift in Sources */ = {isa = PBXBuildFile; fileRef = 2493D0D62048EC7A00222E61 /* AppDelegate.swift */; };
		2493D0D92048EC7B00222E61 /* ViewController.swift in Sources */ = {isa = PBXBuildFile; fileRef = 2493D0D82048EC7A00222E61 /* ViewController.swift */; };
		2493D0DC2048EC7B00222E61 /* Main.storyboard in Resources */ = {isa = PBXBuildFile; fileRef = 2493D0DA2048EC7B00222E61 /* Main.storyboard */; };
		2493D0DE2048EC7B00222E61 /* Assets.xcassets in Resources */ = {isa = PBXBuildFile; fileRef = 2493D0DD2048EC7B00222E61 /* Assets.xcassets */; };
		2493D0E12048EC7B00222E61 /* LaunchScreen.storyboard in Resources */ = {isa = PBXBuildFile; fileRef = 2493D0DF2048EC7B00222E61 /* LaunchScreen.storyboard */; };
		2493D0EC2048EC7B00222E61 /* RoomiesTests.swift in Sources */ = {isa = PBXBuildFile; fileRef = 2493D0EB2048EC7B00222E61 /* RoomiesTests.swift */; };
		2493D0F72048EC7B00222E61 /* RoomiesUITests.swift in Sources */ = {isa = PBXBuildFile; fileRef = 2493D0F62048EC7B00222E61 /* RoomiesUITests.swift */; };
		24DF6A192050CDD200E640D1 /* GoogleService-Info.plist in Resources */ = {isa = PBXBuildFile; fileRef = 24DF6A182050CDD200E640D1 /* GoogleService-Info.plist */; };
		28A1C41ECBE3DB40638D7A21 /* Pods_RoomiesTests.framework in Frameworks */ = {isa = PBXBuildFile; fileRef = DB4696C791618EACADFC6C56 /* Pods_RoomiesTests.framework */; };
		644036DF2E8F6A31874FAE3B /* Pods_Roomies.framework in Frameworks */ = {isa = PBXBuildFile; fileRef = F4FE0BB03891C855F4686ECC /* Pods_Roomies.framework */; };
		AC4FADEB2054C701004B2309 /* BillViewController.swift in Sources */ = {isa = PBXBuildFile; fileRef = AC4FADEA2054C701004B2309 /* BillViewController.swift */; };
		AC4FADEF20566E93004B2309 /* NotificationViewController.swift in Sources */ = {isa = PBXBuildFile; fileRef = AC4FADEE20566E93004B2309 /* NotificationViewController.swift */; };
		AC4FADF120572F53004B2309 /* TaskTableViewController.swift in Sources */ = {isa = PBXBuildFile; fileRef = AC4FADF020572F53004B2309 /* TaskTableViewController.swift */; };
		AC4FADF3205738D1004B2309 /* SingleTaskViewController.swift in Sources */ = {isa = PBXBuildFile; fileRef = AC4FADF2205738D1004B2309 /* SingleTaskViewController.swift */; };
		AC7C61772051FA9F00635F7A /* LandingTableViewController.swift in Sources */ = {isa = PBXBuildFile; fileRef = AC7C61762051FA9F00635F7A /* LandingTableViewController.swift */; };
		AC7C61792052424400635F7A /* GroupRegistrationViewController.swift in Sources */ = {isa = PBXBuildFile; fileRef = AC7C61782052424400635F7A /* GroupRegistrationViewController.swift */; };
		AC7C617B2052646500635F7A /* NewUserViewController.swift in Sources */ = {isa = PBXBuildFile; fileRef = AC7C617A2052646500635F7A /* NewUserViewController.swift */; };
/* End PBXBuildFile section */

/* Begin PBXContainerItemProxy section */
		2493D0E82048EC7B00222E61 /* PBXContainerItemProxy */ = {
			isa = PBXContainerItemProxy;
			containerPortal = 2493D0CB2048EC7A00222E61 /* Project object */;
			proxyType = 1;
			remoteGlobalIDString = 2493D0D22048EC7A00222E61;
			remoteInfo = Roomies;
		};
		2493D0F32048EC7B00222E61 /* PBXContainerItemProxy */ = {
			isa = PBXContainerItemProxy;
			containerPortal = 2493D0CB2048EC7A00222E61 /* Project object */;
			proxyType = 1;
			remoteGlobalIDString = 2493D0D22048EC7A00222E61;
			remoteInfo = Roomies;
		};
/* End PBXContainerItemProxy section */

/* Begin PBXFileReference section */
		248C185D2055D1A400F4542A /* TaskViewController.swift */ = {isa = PBXFileReference; lastKnownFileType = sourcecode.swift; path = TaskViewController.swift; sourceTree = "<group>"; };
		2493D0D32048EC7A00222E61 /* Roomies.app */ = {isa = PBXFileReference; explicitFileType = wrapper.application; includeInIndex = 0; path = Roomies.app; sourceTree = BUILT_PRODUCTS_DIR; };
		2493D0D62048EC7A00222E61 /* AppDelegate.swift */ = {isa = PBXFileReference; lastKnownFileType = sourcecode.swift; path = AppDelegate.swift; sourceTree = "<group>"; };
		2493D0D82048EC7A00222E61 /* ViewController.swift */ = {isa = PBXFileReference; lastKnownFileType = sourcecode.swift; path = ViewController.swift; sourceTree = "<group>"; };
		2493D0DB2048EC7B00222E61 /* Base */ = {isa = PBXFileReference; lastKnownFileType = file.storyboard; name = Base; path = Base.lproj/Main.storyboard; sourceTree = "<group>"; };
		2493D0DD2048EC7B00222E61 /* Assets.xcassets */ = {isa = PBXFileReference; lastKnownFileType = folder.assetcatalog; path = Assets.xcassets; sourceTree = "<group>"; };
		2493D0E02048EC7B00222E61 /* Base */ = {isa = PBXFileReference; lastKnownFileType = file.storyboard; name = Base; path = Base.lproj/LaunchScreen.storyboard; sourceTree = "<group>"; };
		2493D0E22048EC7B00222E61 /* Info.plist */ = {isa = PBXFileReference; lastKnownFileType = text.plist.xml; path = Info.plist; sourceTree = "<group>"; };
		2493D0E72048EC7B00222E61 /* RoomiesTests.xctest */ = {isa = PBXFileReference; explicitFileType = wrapper.cfbundle; includeInIndex = 0; path = RoomiesTests.xctest; sourceTree = BUILT_PRODUCTS_DIR; };
		2493D0EB2048EC7B00222E61 /* RoomiesTests.swift */ = {isa = PBXFileReference; lastKnownFileType = sourcecode.swift; path = RoomiesTests.swift; sourceTree = "<group>"; };
		2493D0ED2048EC7B00222E61 /* Info.plist */ = {isa = PBXFileReference; lastKnownFileType = text.plist.xml; path = Info.plist; sourceTree = "<group>"; };
		2493D0F22048EC7B00222E61 /* RoomiesUITests.xctest */ = {isa = PBXFileReference; explicitFileType = wrapper.cfbundle; includeInIndex = 0; path = RoomiesUITests.xctest; sourceTree = BUILT_PRODUCTS_DIR; };
		2493D0F62048EC7B00222E61 /* RoomiesUITests.swift */ = {isa = PBXFileReference; lastKnownFileType = sourcecode.swift; path = RoomiesUITests.swift; sourceTree = "<group>"; };
		2493D0F82048EC7B00222E61 /* Info.plist */ = {isa = PBXFileReference; lastKnownFileType = text.plist.xml; path = Info.plist; sourceTree = "<group>"; };
		24DF6A182050CDD200E640D1 /* GoogleService-Info.plist */ = {isa = PBXFileReference; fileEncoding = 4; lastKnownFileType = text.plist.xml; path = "GoogleService-Info.plist"; sourceTree = "<group>"; };
		447B4079142460258AA3A1A6 /* Pods-RoomiesUITests.debug.xcconfig */ = {isa = PBXFileReference; includeInIndex = 1; lastKnownFileType = text.xcconfig; name = "Pods-RoomiesUITests.debug.xcconfig"; path = "Pods/Target Support Files/Pods-RoomiesUITests/Pods-RoomiesUITests.debug.xcconfig"; sourceTree = "<group>"; };
		4B2804033EC07E9D7EF43D2C /* Pods-Roomies.release.xcconfig */ = {isa = PBXFileReference; includeInIndex = 1; lastKnownFileType = text.xcconfig; name = "Pods-Roomies.release.xcconfig"; path = "Pods/Target Support Files/Pods-Roomies/Pods-Roomies.release.xcconfig"; sourceTree = "<group>"; };
		4F02C77BB42DB121C633DD12 /* Pods-RoomiesTests.release.xcconfig */ = {isa = PBXFileReference; includeInIndex = 1; lastKnownFileType = text.xcconfig; name = "Pods-RoomiesTests.release.xcconfig"; path = "Pods/Target Support Files/Pods-RoomiesTests/Pods-RoomiesTests.release.xcconfig"; sourceTree = "<group>"; };
		6AC84A1018D1EB2F0D6D2F32 /* Pods-Roomies.debug.xcconfig */ = {isa = PBXFileReference; includeInIndex = 1; lastKnownFileType = text.xcconfig; name = "Pods-Roomies.debug.xcconfig"; path = "Pods/Target Support Files/Pods-Roomies/Pods-Roomies.debug.xcconfig"; sourceTree = "<group>"; };
		6DA1757068E6EDAAE3E2AC66 /* Pods-RoomiesTests.debug.xcconfig */ = {isa = PBXFileReference; includeInIndex = 1; lastKnownFileType = text.xcconfig; name = "Pods-RoomiesTests.debug.xcconfig"; path = "Pods/Target Support Files/Pods-RoomiesTests/Pods-RoomiesTests.debug.xcconfig"; sourceTree = "<group>"; };
		AC4FADEA2054C701004B2309 /* BillViewController.swift */ = {isa = PBXFileReference; lastKnownFileType = sourcecode.swift; path = BillViewController.swift; sourceTree = "<group>"; };
		AC4FADEE20566E93004B2309 /* NotificationViewController.swift */ = {isa = PBXFileReference; lastKnownFileType = sourcecode.swift; path = NotificationViewController.swift; sourceTree = "<group>"; };
		AC4FADF020572F53004B2309 /* TaskTableViewController.swift */ = {isa = PBXFileReference; lastKnownFileType = sourcecode.swift; path = TaskTableViewController.swift; sourceTree = "<group>"; };
		AC4FADF2205738D1004B2309 /* SingleTaskViewController.swift */ = {isa = PBXFileReference; lastKnownFileType = sourcecode.swift; path = SingleTaskViewController.swift; sourceTree = "<group>"; };
		AC7C61762051FA9F00635F7A /* LandingTableViewController.swift */ = {isa = PBXFileReference; lastKnownFileType = sourcecode.swift; path = LandingTableViewController.swift; sourceTree = "<group>"; };
		AC7C61782052424400635F7A /* GroupRegistrationViewController.swift */ = {isa = PBXFileReference; lastKnownFileType = sourcecode.swift; path = GroupRegistrationViewController.swift; sourceTree = "<group>"; };
		AC7C617A2052646500635F7A /* NewUserViewController.swift */ = {isa = PBXFileReference; lastKnownFileType = sourcecode.swift; path = NewUserViewController.swift; sourceTree = "<group>"; };
		BACE4713A1C428A4BCD41033 /* Pods-RoomiesUITests.release.xcconfig */ = {isa = PBXFileReference; includeInIndex = 1; lastKnownFileType = text.xcconfig; name = "Pods-RoomiesUITests.release.xcconfig"; path = "Pods/Target Support Files/Pods-RoomiesUITests/Pods-RoomiesUITests.release.xcconfig"; sourceTree = "<group>"; };
		DB4696C791618EACADFC6C56 /* Pods_RoomiesTests.framework */ = {isa = PBXFileReference; explicitFileType = wrapper.framework; includeInIndex = 0; path = Pods_RoomiesTests.framework; sourceTree = BUILT_PRODUCTS_DIR; };
		E2B3BEA9C2040739FC491778 /* Pods_RoomiesUITests.framework */ = {isa = PBXFileReference; explicitFileType = wrapper.framework; includeInIndex = 0; path = Pods_RoomiesUITests.framework; sourceTree = BUILT_PRODUCTS_DIR; };
		F4FE0BB03891C855F4686ECC /* Pods_Roomies.framework */ = {isa = PBXFileReference; explicitFileType = wrapper.framework; includeInIndex = 0; path = Pods_Roomies.framework; sourceTree = BUILT_PRODUCTS_DIR; };
/* End PBXFileReference section */

/* Begin PBXFrameworksBuildPhase section */
		2493D0D02048EC7A00222E61 /* Frameworks */ = {
			isa = PBXFrameworksBuildPhase;
			buildActionMask = 2147483647;
			files = (
				644036DF2E8F6A31874FAE3B /* Pods_Roomies.framework in Frameworks */,
			);
			runOnlyForDeploymentPostprocessing = 0;
		};
		2493D0E42048EC7B00222E61 /* Frameworks */ = {
			isa = PBXFrameworksBuildPhase;
			buildActionMask = 2147483647;
			files = (
				28A1C41ECBE3DB40638D7A21 /* Pods_RoomiesTests.framework in Frameworks */,
			);
			runOnlyForDeploymentPostprocessing = 0;
		};
		2493D0EF2048EC7B00222E61 /* Frameworks */ = {
			isa = PBXFrameworksBuildPhase;
			buildActionMask = 2147483647;
			files = (
				00DC5ED7035688372DF316AD /* Pods_RoomiesUITests.framework in Frameworks */,
			);
			runOnlyForDeploymentPostprocessing = 0;
		};
/* End PBXFrameworksBuildPhase section */

/* Begin PBXGroup section */
		2493D0CA2048EC7A00222E61 = {
			isa = PBXGroup;
			children = (
				2493D0D52048EC7A00222E61 /* Roomies */,
				2493D0EA2048EC7B00222E61 /* RoomiesTests */,
				2493D0F52048EC7B00222E61 /* RoomiesUITests */,
				2493D0D42048EC7A00222E61 /* Products */,
				6CDFCCE895EB3747AEE69CAE /* Pods */,
				DBC2F2F6E1DFE245AD4CD707 /* Frameworks */,
			);
			sourceTree = "<group>";
		};
		2493D0D42048EC7A00222E61 /* Products */ = {
			isa = PBXGroup;
			children = (
				2493D0D32048EC7A00222E61 /* Roomies.app */,
				2493D0E72048EC7B00222E61 /* RoomiesTests.xctest */,
				2493D0F22048EC7B00222E61 /* RoomiesUITests.xctest */,
			);
			name = Products;
			sourceTree = "<group>";
		};
		2493D0D52048EC7A00222E61 /* Roomies */ = {
			isa = PBXGroup;
			children = (
				2493D0D62048EC7A00222E61 /* AppDelegate.swift */,
				AC7C61762051FA9F00635F7A /* LandingTableViewController.swift */,
				2493D0D82048EC7A00222E61 /* ViewController.swift */,
				2493D0DA2048EC7B00222E61 /* Main.storyboard */,
				2493D0DD2048EC7B00222E61 /* Assets.xcassets */,
				2493D0DF2048EC7B00222E61 /* LaunchScreen.storyboard */,
				24DF6A182050CDD200E640D1 /* GoogleService-Info.plist */,
				2493D0E22048EC7B00222E61 /* Info.plist */,
				AC7C61782052424400635F7A /* GroupRegistrationViewController.swift */,
				AC7C617A2052646500635F7A /* NewUserViewController.swift */,
				AC4FADEA2054C701004B2309 /* BillViewController.swift */,
				248C185D2055D1A400F4542A /* TaskViewController.swift */,
				AC4FADEE20566E93004B2309 /* NotificationViewController.swift */,
				AC4FADF2205738D1004B2309 /* SingleTaskViewController.swift */,
				AC4FADF020572F53004B2309 /* TaskTableViewController.swift */,
			);
			path = Roomies;
			sourceTree = "<group>";
		};
		2493D0EA2048EC7B00222E61 /* RoomiesTests */ = {
			isa = PBXGroup;
			children = (
				2493D0EB2048EC7B00222E61 /* RoomiesTests.swift */,
				2493D0ED2048EC7B00222E61 /* Info.plist */,
			);
			path = RoomiesTests;
			sourceTree = "<group>";
		};
		2493D0F52048EC7B00222E61 /* RoomiesUITests */ = {
			isa = PBXGroup;
			children = (
				2493D0F62048EC7B00222E61 /* RoomiesUITests.swift */,
				2493D0F82048EC7B00222E61 /* Info.plist */,
			);
			path = RoomiesUITests;
			sourceTree = "<group>";
		};
		6CDFCCE895EB3747AEE69CAE /* Pods */ = {
			isa = PBXGroup;
			children = (
				6AC84A1018D1EB2F0D6D2F32 /* Pods-Roomies.debug.xcconfig */,
				4B2804033EC07E9D7EF43D2C /* Pods-Roomies.release.xcconfig */,
				6DA1757068E6EDAAE3E2AC66 /* Pods-RoomiesTests.debug.xcconfig */,
				4F02C77BB42DB121C633DD12 /* Pods-RoomiesTests.release.xcconfig */,
				447B4079142460258AA3A1A6 /* Pods-RoomiesUITests.debug.xcconfig */,
				BACE4713A1C428A4BCD41033 /* Pods-RoomiesUITests.release.xcconfig */,
			);
			name = Pods;
			sourceTree = "<group>";
		};
		DBC2F2F6E1DFE245AD4CD707 /* Frameworks */ = {
			isa = PBXGroup;
			children = (
				F4FE0BB03891C855F4686ECC /* Pods_Roomies.framework */,
				DB4696C791618EACADFC6C56 /* Pods_RoomiesTests.framework */,
				E2B3BEA9C2040739FC491778 /* Pods_RoomiesUITests.framework */,
			);
			name = Frameworks;
			sourceTree = "<group>";
		};
/* End PBXGroup section */

/* Begin PBXNativeTarget section */
		2493D0D22048EC7A00222E61 /* Roomies */ = {
			isa = PBXNativeTarget;
			buildConfigurationList = 2493D0FB2048EC7B00222E61 /* Build configuration list for PBXNativeTarget "Roomies" */;
			buildPhases = (
				658A03F8DA9231C57E0B0065 /* [CP] Check Pods Manifest.lock */,
				2493D0CF2048EC7A00222E61 /* Sources */,
				2493D0D02048EC7A00222E61 /* Frameworks */,
				2493D0D12048EC7A00222E61 /* Resources */,
				1684DCEBA0D6E26C84907F27 /* [CP] Embed Pods Frameworks */,
				E54C3C8169CF38B0FC20D7B4 /* [CP] Copy Pods Resources */,
			);
			buildRules = (
			);
			dependencies = (
			);
			name = Roomies;
			productName = Roomies;
			productReference = 2493D0D32048EC7A00222E61 /* Roomies.app */;
			productType = "com.apple.product-type.application";
		};
		2493D0E62048EC7B00222E61 /* RoomiesTests */ = {
			isa = PBXNativeTarget;
			buildConfigurationList = 2493D0FE2048EC7B00222E61 /* Build configuration list for PBXNativeTarget "RoomiesTests" */;
			buildPhases = (
				90FD8CD6AFB992FC89714F50 /* [CP] Check Pods Manifest.lock */,
				2493D0E32048EC7B00222E61 /* Sources */,
				2493D0E42048EC7B00222E61 /* Frameworks */,
				2493D0E52048EC7B00222E61 /* Resources */,
				9FAE0C04304F9E2FDAB1A761 /* [CP] Embed Pods Frameworks */,
				75E881AFA1B9A6C8A92976DA /* [CP] Copy Pods Resources */,
			);
			buildRules = (
			);
			dependencies = (
				2493D0E92048EC7B00222E61 /* PBXTargetDependency */,
			);
			name = RoomiesTests;
			productName = RoomiesTests;
			productReference = 2493D0E72048EC7B00222E61 /* RoomiesTests.xctest */;
			productType = "com.apple.product-type.bundle.unit-test";
		};
		2493D0F12048EC7B00222E61 /* RoomiesUITests */ = {
			isa = PBXNativeTarget;
			buildConfigurationList = 2493D1012048EC7B00222E61 /* Build configuration list for PBXNativeTarget "RoomiesUITests" */;
			buildPhases = (
				CED9E30665AC7C12738D59F8 /* [CP] Check Pods Manifest.lock */,
				2493D0EE2048EC7B00222E61 /* Sources */,
				2493D0EF2048EC7B00222E61 /* Frameworks */,
				2493D0F02048EC7B00222E61 /* Resources */,
				1BBDC74D98F52327405CD901 /* [CP] Embed Pods Frameworks */,
				45923F7519A038D12BB17BD4 /* [CP] Copy Pods Resources */,
			);
			buildRules = (
			);
			dependencies = (
				2493D0F42048EC7B00222E61 /* PBXTargetDependency */,
			);
			name = RoomiesUITests;
			productName = RoomiesUITests;
			productReference = 2493D0F22048EC7B00222E61 /* RoomiesUITests.xctest */;
			productType = "com.apple.product-type.bundle.ui-testing";
		};
/* End PBXNativeTarget section */

/* Begin PBXProject section */
		2493D0CB2048EC7A00222E61 /* Project object */ = {
			isa = PBXProject;
			attributes = {
				LastSwiftUpdateCheck = 0920;
				LastUpgradeCheck = 0920;
				ORGANIZATIONNAME = "Anton Zheng";
				TargetAttributes = {
					2493D0D22048EC7A00222E61 = {
						CreatedOnToolsVersion = 9.2;
						ProvisioningStyle = Automatic;
					};
					2493D0E62048EC7B00222E61 = {
						CreatedOnToolsVersion = 9.2;
						ProvisioningStyle = Automatic;
						TestTargetID = 2493D0D22048EC7A00222E61;
					};
					2493D0F12048EC7B00222E61 = {
						CreatedOnToolsVersion = 9.2;
						ProvisioningStyle = Automatic;
						TestTargetID = 2493D0D22048EC7A00222E61;
					};
				};
			};
			buildConfigurationList = 2493D0CE2048EC7A00222E61 /* Build configuration list for PBXProject "Roomies" */;
			compatibilityVersion = "Xcode 8.0";
			developmentRegion = en;
			hasScannedForEncodings = 0;
			knownRegions = (
				en,
				Base,
			);
			mainGroup = 2493D0CA2048EC7A00222E61;
			productRefGroup = 2493D0D42048EC7A00222E61 /* Products */;
			projectDirPath = "";
			projectRoot = "";
			targets = (
				2493D0D22048EC7A00222E61 /* Roomies */,
				2493D0E62048EC7B00222E61 /* RoomiesTests */,
				2493D0F12048EC7B00222E61 /* RoomiesUITests */,
			);
		};
/* End PBXProject section */

/* Begin PBXResourcesBuildPhase section */
		2493D0D12048EC7A00222E61 /* Resources */ = {
			isa = PBXResourcesBuildPhase;
			buildActionMask = 2147483647;
			files = (
				2493D0E12048EC7B00222E61 /* LaunchScreen.storyboard in Resources */,
				24DF6A192050CDD200E640D1 /* GoogleService-Info.plist in Resources */,
				2493D0DE2048EC7B00222E61 /* Assets.xcassets in Resources */,
				2493D0DC2048EC7B00222E61 /* Main.storyboard in Resources */,
			);
			runOnlyForDeploymentPostprocessing = 0;
		};
		2493D0E52048EC7B00222E61 /* Resources */ = {
			isa = PBXResourcesBuildPhase;
			buildActionMask = 2147483647;
			files = (
			);
			runOnlyForDeploymentPostprocessing = 0;
		};
		2493D0F02048EC7B00222E61 /* Resources */ = {
			isa = PBXResourcesBuildPhase;
			buildActionMask = 2147483647;
			files = (
			);
			runOnlyForDeploymentPostprocessing = 0;
		};
/* End PBXResourcesBuildPhase section */

/* Begin PBXShellScriptBuildPhase section */
		1684DCEBA0D6E26C84907F27 /* [CP] Embed Pods Frameworks */ = {
			isa = PBXShellScriptBuildPhase;
			buildActionMask = 2147483647;
			files = (
			);
			inputPaths = (
				"${SRCROOT}/Pods/Target Support Files/Pods-Roomies/Pods-Roomies-frameworks.sh",
				"${BUILT_PRODUCTS_DIR}/GoogleToolboxForMac/GoogleToolboxForMac.framework",
				"${BUILT_PRODUCTS_DIR}/leveldb-library/leveldb.framework",
				"${BUILT_PRODUCTS_DIR}/nanopb/nanopb.framework",
			);
			name = "[CP] Embed Pods Frameworks";
			outputPaths = (
				"${TARGET_BUILD_DIR}/${FRAMEWORKS_FOLDER_PATH}/GoogleToolboxForMac.framework",
				"${TARGET_BUILD_DIR}/${FRAMEWORKS_FOLDER_PATH}/leveldb.framework",
				"${TARGET_BUILD_DIR}/${FRAMEWORKS_FOLDER_PATH}/nanopb.framework",
			);
			runOnlyForDeploymentPostprocessing = 0;
			shellPath = /bin/sh;
			shellScript = "\"${SRCROOT}/Pods/Target Support Files/Pods-Roomies/Pods-Roomies-frameworks.sh\"\n";
			showEnvVarsInLog = 0;
		};
		1BBDC74D98F52327405CD901 /* [CP] Embed Pods Frameworks */ = {
			isa = PBXShellScriptBuildPhase;
			buildActionMask = 2147483647;
			files = (
			);
			inputPaths = (
			);
			name = "[CP] Embed Pods Frameworks";
			outputPaths = (
			);
			runOnlyForDeploymentPostprocessing = 0;
			shellPath = /bin/sh;
			shellScript = "\"${SRCROOT}/Pods/Target Support Files/Pods-RoomiesUITests/Pods-RoomiesUITests-frameworks.sh\"\n";
			showEnvVarsInLog = 0;
		};
		45923F7519A038D12BB17BD4 /* [CP] Copy Pods Resources */ = {
			isa = PBXShellScriptBuildPhase;
			buildActionMask = 2147483647;
			files = (
			);
			inputPaths = (
			);
			name = "[CP] Copy Pods Resources";
			outputPaths = (
			);
			runOnlyForDeploymentPostprocessing = 0;
			shellPath = /bin/sh;
			shellScript = "\"${SRCROOT}/Pods/Target Support Files/Pods-RoomiesUITests/Pods-RoomiesUITests-resources.sh\"\n";
			showEnvVarsInLog = 0;
		};
		658A03F8DA9231C57E0B0065 /* [CP] Check Pods Manifest.lock */ = {
			isa = PBXShellScriptBuildPhase;
			buildActionMask = 2147483647;
			files = (
			);
			inputPaths = (
				"${PODS_PODFILE_DIR_PATH}/Podfile.lock",
				"${PODS_ROOT}/Manifest.lock",
			);
			name = "[CP] Check Pods Manifest.lock";
			outputPaths = (
				"$(DERIVED_FILE_DIR)/Pods-Roomies-checkManifestLockResult.txt",
			);
			runOnlyForDeploymentPostprocessing = 0;
			shellPath = /bin/sh;
			shellScript = "diff \"${PODS_PODFILE_DIR_PATH}/Podfile.lock\" \"${PODS_ROOT}/Manifest.lock\" > /dev/null\nif [ $? != 0 ] ; then\n    # print error to STDERR\n    echo \"error: The sandbox is not in sync with the Podfile.lock. Run 'pod install' or update your CocoaPods installation.\" >&2\n    exit 1\nfi\n# This output is used by Xcode 'outputs' to avoid re-running this script phase.\necho \"SUCCESS\" > \"${SCRIPT_OUTPUT_FILE_0}\"\n";
			showEnvVarsInLog = 0;
		};
		75E881AFA1B9A6C8A92976DA /* [CP] Copy Pods Resources */ = {
			isa = PBXShellScriptBuildPhase;
			buildActionMask = 2147483647;
			files = (
			);
			inputPaths = (
			);
			name = "[CP] Copy Pods Resources";
			outputPaths = (
			);
			runOnlyForDeploymentPostprocessing = 0;
			shellPath = /bin/sh;
			shellScript = "\"${SRCROOT}/Pods/Target Support Files/Pods-RoomiesTests/Pods-RoomiesTests-resources.sh\"\n";
			showEnvVarsInLog = 0;
		};
		90FD8CD6AFB992FC89714F50 /* [CP] Check Pods Manifest.lock */ = {
			isa = PBXShellScriptBuildPhase;
			buildActionMask = 2147483647;
			files = (
			);
			inputPaths = (
				"${PODS_PODFILE_DIR_PATH}/Podfile.lock",
				"${PODS_ROOT}/Manifest.lock",
			);
			name = "[CP] Check Pods Manifest.lock";
			outputPaths = (
				"$(DERIVED_FILE_DIR)/Pods-RoomiesTests-checkManifestLockResult.txt",
			);
			runOnlyForDeploymentPostprocessing = 0;
			shellPath = /bin/sh;
			shellScript = "diff \"${PODS_PODFILE_DIR_PATH}/Podfile.lock\" \"${PODS_ROOT}/Manifest.lock\" > /dev/null\nif [ $? != 0 ] ; then\n    # print error to STDERR\n    echo \"error: The sandbox is not in sync with the Podfile.lock. Run 'pod install' or update your CocoaPods installation.\" >&2\n    exit 1\nfi\n# This output is used by Xcode 'outputs' to avoid re-running this script phase.\necho \"SUCCESS\" > \"${SCRIPT_OUTPUT_FILE_0}\"\n";
			showEnvVarsInLog = 0;
		};
		9FAE0C04304F9E2FDAB1A761 /* [CP] Embed Pods Frameworks */ = {
			isa = PBXShellScriptBuildPhase;
			buildActionMask = 2147483647;
			files = (
			);
			inputPaths = (
			);
			name = "[CP] Embed Pods Frameworks";
			outputPaths = (
			);
			runOnlyForDeploymentPostprocessing = 0;
			shellPath = /bin/sh;
			shellScript = "\"${SRCROOT}/Pods/Target Support Files/Pods-RoomiesTests/Pods-RoomiesTests-frameworks.sh\"\n";
			showEnvVarsInLog = 0;
		};
		CED9E30665AC7C12738D59F8 /* [CP] Check Pods Manifest.lock */ = {
			isa = PBXShellScriptBuildPhase;
			buildActionMask = 2147483647;
			files = (
			);
			inputPaths = (
				"${PODS_PODFILE_DIR_PATH}/Podfile.lock",
				"${PODS_ROOT}/Manifest.lock",
			);
			name = "[CP] Check Pods Manifest.lock";
			outputPaths = (
				"$(DERIVED_FILE_DIR)/Pods-RoomiesUITests-checkManifestLockResult.txt",
			);
			runOnlyForDeploymentPostprocessing = 0;
			shellPath = /bin/sh;
			shellScript = "diff \"${PODS_PODFILE_DIR_PATH}/Podfile.lock\" \"${PODS_ROOT}/Manifest.lock\" > /dev/null\nif [ $? != 0 ] ; then\n    # print error to STDERR\n    echo \"error: The sandbox is not in sync with the Podfile.lock. Run 'pod install' or update your CocoaPods installation.\" >&2\n    exit 1\nfi\n# This output is used by Xcode 'outputs' to avoid re-running this script phase.\necho \"SUCCESS\" > \"${SCRIPT_OUTPUT_FILE_0}\"\n";
			showEnvVarsInLog = 0;
		};
		E54C3C8169CF38B0FC20D7B4 /* [CP] Copy Pods Resources */ = {
			isa = PBXShellScriptBuildPhase;
			buildActionMask = 2147483647;
			files = (
			);
			inputPaths = (
			);
			name = "[CP] Copy Pods Resources";
			outputPaths = (
			);
			runOnlyForDeploymentPostprocessing = 0;
			shellPath = /bin/sh;
			shellScript = "\"${SRCROOT}/Pods/Target Support Files/Pods-Roomies/Pods-Roomies-resources.sh\"\n";
			showEnvVarsInLog = 0;
		};
/* End PBXShellScriptBuildPhase section */

/* Begin PBXSourcesBuildPhase section */
		2493D0CF2048EC7A00222E61 /* Sources */ = {
			isa = PBXSourcesBuildPhase;
			buildActionMask = 2147483647;
			files = (
				2493D0D92048EC7B00222E61 /* ViewController.swift in Sources */,
				248C185E2055D1A400F4542A /* TaskViewController.swift in Sources */,
				AC4FADEF20566E93004B2309 /* NotificationViewController.swift in Sources */,
				AC7C61772051FA9F00635F7A /* LandingTableViewController.swift in Sources */,
				AC7C617B2052646500635F7A /* NewUserViewController.swift in Sources */,
				2493D0D72048EC7A00222E61 /* AppDelegate.swift in Sources */,
				AC4FADF120572F53004B2309 /* TaskTableViewController.swift in Sources */,
				AC7C61792052424400635F7A /* GroupRegistrationViewController.swift in Sources */,
				AC4FADEB2054C701004B2309 /* BillViewController.swift in Sources */,
				AC4FADF3205738D1004B2309 /* SingleTaskViewController.swift in Sources */,
			);
			runOnlyForDeploymentPostprocessing = 0;
		};
		2493D0E32048EC7B00222E61 /* Sources */ = {
			isa = PBXSourcesBuildPhase;
			buildActionMask = 2147483647;
			files = (
				2493D0EC2048EC7B00222E61 /* RoomiesTests.swift in Sources */,
			);
			runOnlyForDeploymentPostprocessing = 0;
		};
		2493D0EE2048EC7B00222E61 /* Sources */ = {
			isa = PBXSourcesBuildPhase;
			buildActionMask = 2147483647;
			files = (
				2493D0F72048EC7B00222E61 /* RoomiesUITests.swift in Sources */,
			);
			runOnlyForDeploymentPostprocessing = 0;
		};
/* End PBXSourcesBuildPhase section */

/* Begin PBXTargetDependency section */
		2493D0E92048EC7B00222E61 /* PBXTargetDependency */ = {
			isa = PBXTargetDependency;
			target = 2493D0D22048EC7A00222E61 /* Roomies */;
			targetProxy = 2493D0E82048EC7B00222E61 /* PBXContainerItemProxy */;
		};
		2493D0F42048EC7B00222E61 /* PBXTargetDependency */ = {
			isa = PBXTargetDependency;
			target = 2493D0D22048EC7A00222E61 /* Roomies */;
			targetProxy = 2493D0F32048EC7B00222E61 /* PBXContainerItemProxy */;
		};
/* End PBXTargetDependency section */

/* Begin PBXVariantGroup section */
		2493D0DA2048EC7B00222E61 /* Main.storyboard */ = {
			isa = PBXVariantGroup;
			children = (
				2493D0DB2048EC7B00222E61 /* Base */,
			);
			name = Main.storyboard;
			sourceTree = "<group>";
		};
		2493D0DF2048EC7B00222E61 /* LaunchScreen.storyboard */ = {
			isa = PBXVariantGroup;
			children = (
				2493D0E02048EC7B00222E61 /* Base */,
			);
			name = LaunchScreen.storyboard;
			sourceTree = "<group>";
		};
/* End PBXVariantGroup section */

/* Begin XCBuildConfiguration section */
		2493D0F92048EC7B00222E61 /* Debug */ = {
			isa = XCBuildConfiguration;
			buildSettings = {
				ALWAYS_SEARCH_USER_PATHS = NO;
				CLANG_ANALYZER_NONNULL = YES;
				CLANG_ANALYZER_NUMBER_OBJECT_CONVERSION = YES_AGGRESSIVE;
				CLANG_CXX_LANGUAGE_STANDARD = "gnu++14";
				CLANG_CXX_LIBRARY = "libc++";
				CLANG_ENABLE_MODULES = YES;
				CLANG_ENABLE_OBJC_ARC = YES;
				CLANG_WARN_BLOCK_CAPTURE_AUTORELEASING = YES;
				CLANG_WARN_BOOL_CONVERSION = YES;
				CLANG_WARN_COMMA = YES;
				CLANG_WARN_CONSTANT_CONVERSION = YES;
				CLANG_WARN_DIRECT_OBJC_ISA_USAGE = YES_ERROR;
				CLANG_WARN_DOCUMENTATION_COMMENTS = YES;
				CLANG_WARN_EMPTY_BODY = YES;
				CLANG_WARN_ENUM_CONVERSION = YES;
				CLANG_WARN_INFINITE_RECURSION = YES;
				CLANG_WARN_INT_CONVERSION = YES;
				CLANG_WARN_NON_LITERAL_NULL_CONVERSION = YES;
				CLANG_WARN_OBJC_LITERAL_CONVERSION = YES;
				CLANG_WARN_OBJC_ROOT_CLASS = YES_ERROR;
				CLANG_WARN_RANGE_LOOP_ANALYSIS = YES;
				CLANG_WARN_STRICT_PROTOTYPES = YES;
				CLANG_WARN_SUSPICIOUS_MOVE = YES;
				CLANG_WARN_UNGUARDED_AVAILABILITY = YES_AGGRESSIVE;
				CLANG_WARN_UNREACHABLE_CODE = YES;
				CLANG_WARN__DUPLICATE_METHOD_MATCH = YES;
				CODE_SIGN_IDENTITY = "iPhone Developer";
				COPY_PHASE_STRIP = NO;
				DEBUG_INFORMATION_FORMAT = dwarf;
				ENABLE_STRICT_OBJC_MSGSEND = YES;
				ENABLE_TESTABILITY = YES;
				GCC_C_LANGUAGE_STANDARD = gnu11;
				GCC_DYNAMIC_NO_PIC = NO;
				GCC_NO_COMMON_BLOCKS = YES;
				GCC_OPTIMIZATION_LEVEL = 0;
				GCC_PREPROCESSOR_DEFINITIONS = (
					"DEBUG=1",
					"$(inherited)",
				);
				GCC_WARN_64_TO_32_BIT_CONVERSION = YES;
				GCC_WARN_ABOUT_RETURN_TYPE = YES_ERROR;
				GCC_WARN_UNDECLARED_SELECTOR = YES;
				GCC_WARN_UNINITIALIZED_AUTOS = YES_AGGRESSIVE;
				GCC_WARN_UNUSED_FUNCTION = YES;
				GCC_WARN_UNUSED_VARIABLE = YES;
				IPHONEOS_DEPLOYMENT_TARGET = 11.2;
				MTL_ENABLE_DEBUG_INFO = YES;
				ONLY_ACTIVE_ARCH = YES;
				SDKROOT = iphoneos;
				SWIFT_ACTIVE_COMPILATION_CONDITIONS = DEBUG;
				SWIFT_OPTIMIZATION_LEVEL = "-Onone";
			};
			name = Debug;
		};
		2493D0FA2048EC7B00222E61 /* Release */ = {
			isa = XCBuildConfiguration;
			buildSettings = {
				ALWAYS_SEARCH_USER_PATHS = NO;
				CLANG_ANALYZER_NONNULL = YES;
				CLANG_ANALYZER_NUMBER_OBJECT_CONVERSION = YES_AGGRESSIVE;
				CLANG_CXX_LANGUAGE_STANDARD = "gnu++14";
				CLANG_CXX_LIBRARY = "libc++";
				CLANG_ENABLE_MODULES = YES;
				CLANG_ENABLE_OBJC_ARC = YES;
				CLANG_WARN_BLOCK_CAPTURE_AUTORELEASING = YES;
				CLANG_WARN_BOOL_CONVERSION = YES;
				CLANG_WARN_COMMA = YES;
				CLANG_WARN_CONSTANT_CONVERSION = YES;
				CLANG_WARN_DIRECT_OBJC_ISA_USAGE = YES_ERROR;
				CLANG_WARN_DOCUMENTATION_COMMENTS = YES;
				CLANG_WARN_EMPTY_BODY = YES;
				CLANG_WARN_ENUM_CONVERSION = YES;
				CLANG_WARN_INFINITE_RECURSION = YES;
				CLANG_WARN_INT_CONVERSION = YES;
				CLANG_WARN_NON_LITERAL_NULL_CONVERSION = YES;
				CLANG_WARN_OBJC_LITERAL_CONVERSION = YES;
				CLANG_WARN_OBJC_ROOT_CLASS = YES_ERROR;
				CLANG_WARN_RANGE_LOOP_ANALYSIS = YES;
				CLANG_WARN_STRICT_PROTOTYPES = YES;
				CLANG_WARN_SUSPICIOUS_MOVE = YES;
				CLANG_WARN_UNGUARDED_AVAILABILITY = YES_AGGRESSIVE;
				CLANG_WARN_UNREACHABLE_CODE = YES;
				CLANG_WARN__DUPLICATE_METHOD_MATCH = YES;
				CODE_SIGN_IDENTITY = "iPhone Developer";
				COPY_PHASE_STRIP = NO;
				DEBUG_INFORMATION_FORMAT = "dwarf-with-dsym";
				ENABLE_NS_ASSERTIONS = NO;
				ENABLE_STRICT_OBJC_MSGSEND = YES;
				GCC_C_LANGUAGE_STANDARD = gnu11;
				GCC_NO_COMMON_BLOCKS = YES;
				GCC_WARN_64_TO_32_BIT_CONVERSION = YES;
				GCC_WARN_ABOUT_RETURN_TYPE = YES_ERROR;
				GCC_WARN_UNDECLARED_SELECTOR = YES;
				GCC_WARN_UNINITIALIZED_AUTOS = YES_AGGRESSIVE;
				GCC_WARN_UNUSED_FUNCTION = YES;
				GCC_WARN_UNUSED_VARIABLE = YES;
				IPHONEOS_DEPLOYMENT_TARGET = 11.2;
				MTL_ENABLE_DEBUG_INFO = NO;
				SDKROOT = iphoneos;
				SWIFT_OPTIMIZATION_LEVEL = "-Owholemodule";
				VALIDATE_PRODUCT = YES;
			};
			name = Release;
		};
		2493D0FC2048EC7B00222E61 /* Debug */ = {
			isa = XCBuildConfiguration;
			baseConfigurationReference = 6AC84A1018D1EB2F0D6D2F32 /* Pods-Roomies.debug.xcconfig */;
			buildSettings = {
				ASSETCATALOG_COMPILER_APPICON_NAME = AppIcon;
				"CODE_SIGN_IDENTITY[sdk=iphoneos*]" = "iPhone Developer";
				CODE_SIGN_STYLE = Automatic;
				DEVELOPMENT_TEAM = 7C9NCGD79M;
				INFOPLIST_FILE = Roomies/Info.plist;
				LD_RUNPATH_SEARCH_PATHS = "$(inherited) @executable_path/Frameworks";
				PRODUCT_BUNDLE_IDENTIFIER = universityofwashington.Roomies;
				PRODUCT_NAME = "$(TARGET_NAME)";
				PROVISIONING_PROFILE_SPECIFIER = "";
				SWIFT_VERSION = 4.0;
				TARGETED_DEVICE_FAMILY = "1,2";
			};
			name = Debug;
		};
		2493D0FD2048EC7B00222E61 /* Release */ = {
			isa = XCBuildConfiguration;
			baseConfigurationReference = 4B2804033EC07E9D7EF43D2C /* Pods-Roomies.release.xcconfig */;
			buildSettings = {
				ASSETCATALOG_COMPILER_APPICON_NAME = AppIcon;
				"CODE_SIGN_IDENTITY[sdk=iphoneos*]" = "iPhone Developer";
				CODE_SIGN_STYLE = Automatic;
				DEVELOPMENT_TEAM = 7C9NCGD79M;
				INFOPLIST_FILE = Roomies/Info.plist;
				LD_RUNPATH_SEARCH_PATHS = "$(inherited) @executable_path/Frameworks";
				PRODUCT_BUNDLE_IDENTIFIER = universityofwashington.Roomies;
				PRODUCT_NAME = "$(TARGET_NAME)";
				PROVISIONING_PROFILE_SPECIFIER = "";
				SWIFT_VERSION = 4.0;
				TARGETED_DEVICE_FAMILY = "1,2";
			};
			name = Release;
		};
		2493D0FF2048EC7B00222E61 /* Debug */ = {
			isa = XCBuildConfiguration;
			baseConfigurationReference = 6DA1757068E6EDAAE3E2AC66 /* Pods-RoomiesTests.debug.xcconfig */;
			buildSettings = {
				ALWAYS_EMBED_SWIFT_STANDARD_LIBRARIES = YES;
				BUNDLE_LOADER = "$(TEST_HOST)";
				CODE_SIGN_STYLE = Automatic;
				INFOPLIST_FILE = RoomiesTests/Info.plist;
				LD_RUNPATH_SEARCH_PATHS = "$(inherited) @executable_path/Frameworks @loader_path/Frameworks";
				PRODUCT_BUNDLE_IDENTIFIER = universityofwashington.RoomiesTests;
				PRODUCT_NAME = "$(TARGET_NAME)";
				SWIFT_VERSION = 4.0;
				TARGETED_DEVICE_FAMILY = "1,2";
				TEST_HOST = "$(BUILT_PRODUCTS_DIR)/Roomies.app/Roomies";
			};
			name = Debug;
		};
		2493D1002048EC7B00222E61 /* Release */ = {
			isa = XCBuildConfiguration;
			baseConfigurationReference = 4F02C77BB42DB121C633DD12 /* Pods-RoomiesTests.release.xcconfig */;
			buildSettings = {
				ALWAYS_EMBED_SWIFT_STANDARD_LIBRARIES = YES;
				BUNDLE_LOADER = "$(TEST_HOST)";
				CODE_SIGN_STYLE = Automatic;
				INFOPLIST_FILE = RoomiesTests/Info.plist;
				LD_RUNPATH_SEARCH_PATHS = "$(inherited) @executable_path/Frameworks @loader_path/Frameworks";
				PRODUCT_BUNDLE_IDENTIFIER = universityofwashington.RoomiesTests;
				PRODUCT_NAME = "$(TARGET_NAME)";
				SWIFT_VERSION = 4.0;
				TARGETED_DEVICE_FAMILY = "1,2";
				TEST_HOST = "$(BUILT_PRODUCTS_DIR)/Roomies.app/Roomies";
			};
			name = Release;
		};
		2493D1022048EC7B00222E61 /* Debug */ = {
			isa = XCBuildConfiguration;
			baseConfigurationReference = 447B4079142460258AA3A1A6 /* Pods-RoomiesUITests.debug.xcconfig */;
			buildSettings = {
				ALWAYS_EMBED_SWIFT_STANDARD_LIBRARIES = YES;
				CODE_SIGN_STYLE = Automatic;
				INFOPLIST_FILE = RoomiesUITests/Info.plist;
				LD_RUNPATH_SEARCH_PATHS = "$(inherited) @executable_path/Frameworks @loader_path/Frameworks";
				PRODUCT_BUNDLE_IDENTIFIER = universityofwashington.RoomiesUITests;
				PRODUCT_NAME = "$(TARGET_NAME)";
				SWIFT_VERSION = 4.0;
				TARGETED_DEVICE_FAMILY = "1,2";
				TEST_TARGET_NAME = Roomies;
			};
			name = Debug;
		};
		2493D1032048EC7B00222E61 /* Release */ = {
			isa = XCBuildConfiguration;
			baseConfigurationReference = BACE4713A1C428A4BCD41033 /* Pods-RoomiesUITests.release.xcconfig */;
			buildSettings = {
				ALWAYS_EMBED_SWIFT_STANDARD_LIBRARIES = YES;
				CODE_SIGN_STYLE = Automatic;
				INFOPLIST_FILE = RoomiesUITests/Info.plist;
				LD_RUNPATH_SEARCH_PATHS = "$(inherited) @executable_path/Frameworks @loader_path/Frameworks";
				PRODUCT_BUNDLE_IDENTIFIER = universityofwashington.RoomiesUITests;
				PRODUCT_NAME = "$(TARGET_NAME)";
				SWIFT_VERSION = 4.0;
				TARGETED_DEVICE_FAMILY = "1,2";
				TEST_TARGET_NAME = Roomies;
			};
			name = Release;
		};
/* End XCBuildConfiguration section */

/* Begin XCConfigurationList section */
		2493D0CE2048EC7A00222E61 /* Build configuration list for PBXProject "Roomies" */ = {
			isa = XCConfigurationList;
			buildConfigurations = (
				2493D0F92048EC7B00222E61 /* Debug */,
				2493D0FA2048EC7B00222E61 /* Release */,
			);
			defaultConfigurationIsVisible = 0;
			defaultConfigurationName = Release;
		};
		2493D0FB2048EC7B00222E61 /* Build configuration list for PBXNativeTarget "Roomies" */ = {
			isa = XCConfigurationList;
			buildConfigurations = (
				2493D0FC2048EC7B00222E61 /* Debug */,
				2493D0FD2048EC7B00222E61 /* Release */,
			);
			defaultConfigurationIsVisible = 0;
			defaultConfigurationName = Release;
		};
		2493D0FE2048EC7B00222E61 /* Build configuration list for PBXNativeTarget "RoomiesTests" */ = {
			isa = XCConfigurationList;
			buildConfigurations = (
				2493D0FF2048EC7B00222E61 /* Debug */,
				2493D1002048EC7B00222E61 /* Release */,
			);
			defaultConfigurationIsVisible = 0;
			defaultConfigurationName = Release;
		};
		2493D1012048EC7B00222E61 /* Build configuration list for PBXNativeTarget "RoomiesUITests" */ = {
			isa = XCConfigurationList;
			buildConfigurations = (
				2493D1022048EC7B00222E61 /* Debug */,
				2493D1032048EC7B00222E61 /* Release */,
			);
			defaultConfigurationIsVisible = 0;
			defaultConfigurationName = Release;
		};
/* End XCConfigurationList section */
	};
	rootObject = 2493D0CB2048EC7A00222E61 /* Project object */;
}
